
Microsoft Visual Studio Solution File, Format Version 12.00
# Visual Studio Version 16
VisualStudioVersion = 16.0.31410.357
MinimumVisualStudioVersion = 10.0.40219.1
Project("{FAE04EC0-301F-11D3-BF4B-00C04F79EFBC}") = "cond01", "cond01\cond01.csproj", "{7970B88D-8F7B-45C2-927D-9712A24D59B8}"
EndProject
Global
	GlobalSection(SolutionConfigurationPlatforms) = preSolution
		Debug|Any CPU = Debug|Any CPU
		Release|Any CPU = Release|Any CPU
	EndGlobalSection
	GlobalSection(ProjectConfigurationPlatforms) = postSolution
		{7970B88D-8F7B-45C2-927D-9712A24D59B8}.Debug|Any CPU.ActiveCfg = Debug|Any CPU
		{7970B88D-8F7B-45C2-927D-9712A24D59B8}.Debug|Any CPU.Build.0 = Debug|Any CPU
		{7970B88D-8F7B-45C2-927D-9712A24D59B8}.Release|Any CPU.ActiveCfg = Release|Any CPU
		{7970B88D-8F7B-45C2-927D-9712A24D59B8}.Release|Any CPU.Build.0 = Release|Any CPU
	EndGlobalSection
	GlobalSection(SolutionProperties) = preSolution
		HideSolutionNode = FALSE
	EndGlobalSection
	GlobalSection(ExtensibilityGlobals) = postSolution
		SolutionGuid = {4E868333-D7AC-41C6-A685-43E6634E3B5B}
	EndGlobalSection
EndGlobal
