
Microsoft Visual Studio Solution File, Format Version 12.00
# Visual Studio Version 16
VisualStudioVersion = 16.0.31410.357
MinimumVisualStudioVersion = 10.0.40219.1
Project("{FAE04EC0-301F-11D3-BF4B-00C04F79EFBC}") = "cond08", "cond08\cond08.csproj", "{702A9309-21C0-456F-BC08-D823D5F28636}"
EndProject
Global
	GlobalSection(SolutionConfigurationPlatforms) = preSolution
		Debug|Any CPU = Debug|Any CPU
		Release|Any CPU = Release|Any CPU
	EndGlobalSection
	GlobalSection(ProjectConfigurationPlatforms) = postSolution
		{702A9309-21C0-456F-BC08-D823D5F28636}.Debug|Any CPU.ActiveCfg = Debug|Any CPU
		{702A9309-21C0-456F-BC08-D823D5F28636}.Debug|Any CPU.Build.0 = Debug|Any CPU
		{702A9309-21C0-456F-BC08-D823D5F28636}.Release|Any CPU.ActiveCfg = Release|Any CPU
		{702A9309-21C0-456F-BC08-D823D5F28636}.Release|Any CPU.Build.0 = Release|Any CPU
	EndGlobalSection
	GlobalSection(SolutionProperties) = preSolution
		HideSolutionNode = FALSE
	EndGlobalSection
	GlobalSection(ExtensibilityGlobals) = postSolution
		SolutionGuid = {527166F4-EAA7-44B3-972F-F7DB59A8ADB0}
	EndGlobalSection
EndGlobal
